
Microsoft Visual Studio Solution File, Format Version 12.00
# Visual Studio Version 16
VisualStudioVersion = 16.0.30011.22
MinimumVisualStudioVersion = 10.0.40219.1
Project("{FAE04EC0-301F-11D3-BF4B-00C04F79EFBC}") = "GettingStartedLib", "GettingStartedLib\GettingStartedLib.csproj", "{F92AC2F6-19D6-4EBA-BBBC-E3A78F41677A}"
EndProject
Project("{FAE04EC0-301F-11D3-BF4B-00C04F79EFBC}") = "GettingStartedHost", "GettingStartedHost\GettingStartedHost.csproj", "{2F301960-1E0B-4685-B20D-82473C299D82}"
EndProject
Project("{FAE04EC0-301F-11D3-BF4B-00C04F79EFBC}") = "GettingStartedClient", "GettingStartedClient\GettingStartedClient.csproj", "{949E68A9-8062-4CDD-A540-15E04948EC33}"
	ProjectSection(ProjectDependencies) = postProject
		{F92AC2F6-19D6-4EBA-BBBC-E3A78F41677A} = {F92AC2F6-19D6-4EBA-BBBC-E3A78F41677A}
	EndProjectSection
EndProject
Global
	GlobalSection(SolutionConfigurationPlatforms) = preSolution
		Debug|Any CPU = Debug|Any CPU
		Release|Any CPU = Release|Any CPU
	EndGlobalSection
	GlobalSection(ProjectConfigurationPlatforms) = postSolution
		{F92AC2F6-19D6-4EBA-BBBC-E3A78F41677A}.Debug|Any CPU.ActiveCfg = Debug|Any CPU
		{F92AC2F6-19D6-4EBA-BBBC-E3A78F41677A}.Debug|Any CPU.Build.0 = Debug|Any CPU
		{F92AC2F6-19D6-4EBA-BBBC-E3A78F41677A}.Release|Any CPU.ActiveCfg = Release|Any CPU
		{F92AC2F6-19D6-4EBA-BBBC-E3A78F41677A}.Release|Any CPU.Build.0 = Release|Any CPU
		{2F301960-1E0B-4685-B20D-82473C299D82}.Debug|Any CPU.ActiveCfg = Debug|Any CPU
		{2F301960-1E0B-4685-B20D-82473C299D82}.Debug|Any CPU.Build.0 = Debug|Any CPU
		{2F301960-1E0B-4685-B20D-82473C299D82}.Release|Any CPU.ActiveCfg = Release|Any CPU
		{2F301960-1E0B-4685-B20D-82473C299D82}.Release|Any CPU.Build.0 = Release|Any CPU
		{949E68A9-8062-4CDD-A540-15E04948EC33}.Debug|Any CPU.ActiveCfg = Debug|Any CPU
		{949E68A9-8062-4CDD-A540-15E04948EC33}.Debug|Any CPU.Build.0 = Debug|Any CPU
		{949E68A9-8062-4CDD-A540-15E04948EC33}.Release|Any CPU.ActiveCfg = Release|Any CPU
		{949E68A9-8062-4CDD-A540-15E04948EC33}.Release|Any CPU.Build.0 = Release|Any CPU
	EndGlobalSection
	GlobalSection(SolutionProperties) = preSolution
		HideSolutionNode = FALSE
	EndGlobalSection
	GlobalSection(ExtensibilityGlobals) = postSolution
		SolutionGuid = {4E036D7B-F1DB-4183-8665-71C2F2C0255A}
	EndGlobalSection
EndGlobal
